
Microsoft Visual Studio Solution File, Format Version 12.00
# Visual Studio Version 17
VisualStudioVersion = 17.2.32505.173
MinimumVisualStudioVersion = 10.0.40219.1
Project("{9A19103F-16F7-4668-BE54-9A1E7A4F7556}") = "NoteEditorWPF", "NoteEditor\NoteEditorWPF.csproj", "{6E263AFD-B2A2-4F1E-B47D-1D213E874867}"
EndProject
Project("{9A19103F-16F7-4668-BE54-9A1E7A4F7556}") = "NoteEditorDomain", "NoteEditorDomain\NoteEditorDomain.csproj", "{0EEF8E23-0D49-41A1-981D-A36C71364677}"
EndProject
Project("{FAE04EC0-301F-11D3-BF4B-00C04F79EFBC}") = "Nunit", "Nunit\Nunit.csproj", "{6E70C8F7-2017-44B7-9782-1907480FDB63}"
EndProject
Global
	GlobalSection(SolutionConfigurationPlatforms) = preSolution
		Debug|Any CPU = Debug|Any CPU
		Release|Any CPU = Release|Any CPU
	EndGlobalSection
	GlobalSection(ProjectConfigurationPlatforms) = postSolution
		{6E263AFD-B2A2-4F1E-B47D-1D213E874867}.Debug|Any CPU.ActiveCfg = Debug|Any CPU
		{6E263AFD-B2A2-4F1E-B47D-1D213E874867}.Debug|Any CPU.Build.0 = Debug|Any CPU
		{6E263AFD-B2A2-4F1E-B47D-1D213E874867}.Release|Any CPU.ActiveCfg = Release|Any CPU
		{6E263AFD-B2A2-4F1E-B47D-1D213E874867}.Release|Any CPU.Build.0 = Release|Any CPU
		{0EEF8E23-0D49-41A1-981D-A36C71364677}.Debug|Any CPU.ActiveCfg = Debug|Any CPU
		{0EEF8E23-0D49-41A1-981D-A36C71364677}.Debug|Any CPU.Build.0 = Debug|Any CPU
		{0EEF8E23-0D49-41A1-981D-A36C71364677}.Release|Any CPU.ActiveCfg = Release|Any CPU
		{0EEF8E23-0D49-41A1-981D-A36C71364677}.Release|Any CPU.Build.0 = Release|Any CPU
		{6E70C8F7-2017-44B7-9782-1907480FDB63}.Debug|Any CPU.ActiveCfg = Debug|Any CPU
		{6E70C8F7-2017-44B7-9782-1907480FDB63}.Debug|Any CPU.Build.0 = Debug|Any CPU
		{6E70C8F7-2017-44B7-9782-1907480FDB63}.Release|Any CPU.ActiveCfg = Release|Any CPU
		{6E70C8F7-2017-44B7-9782-1907480FDB63}.Release|Any CPU.Build.0 = Release|Any CPU
	EndGlobalSection
	GlobalSection(SolutionProperties) = preSolution
		HideSolutionNode = FALSE
	EndGlobalSection
	GlobalSection(ExtensibilityGlobals) = postSolution
		SolutionGuid = {78F09E98-4A09-445B-9691-12D67F1A0604}
	EndGlobalSection
EndGlobal
